
Microsoft Visual Studio Solution File, Format Version 12.00
# Visual Studio Version 16
VisualStudioVersion = 16.0.31702.278
MinimumVisualStudioVersion = 10.0.40219.1
Project("{FAE04EC0-301F-11D3-BF4B-00C04F79EFBC}") = "TrainingUI", "TrainingUI\TrainingUI.csproj", "{121AE601-AEDC-43AD-8C47-478211F6786A}"
EndProject
Project("{FAE04EC0-301F-11D3-BF4B-00C04F79EFBC}") = "Trainings", "Trainings\Trainings.csproj", "{181B2646-104A-4371-BCF8-60C4BF423B61}"
EndProject
Project("{2150E333-8FDC-42A3-9474-1A3956D46DE8}") = "Solution Items", "Solution Items", "{A3668552-0A30-4862-92D3-01942D453D74}"
	ProjectSection(SolutionItems) = preProject
		.editorconfig = .editorconfig
	EndProjectSection
EndProject
Global
	GlobalSection(SolutionConfigurationPlatforms) = preSolution
		Debug|Any CPU = Debug|Any CPU
		Release|Any CPU = Release|Any CPU
	EndGlobalSection
	GlobalSection(ProjectConfigurationPlatforms) = postSolution
		{121AE601-AEDC-43AD-8C47-478211F6786A}.Debug|Any CPU.ActiveCfg = Debug|Any CPU
		{121AE601-AEDC-43AD-8C47-478211F6786A}.Debug|Any CPU.Build.0 = Debug|Any CPU
		{121AE601-AEDC-43AD-8C47-478211F6786A}.Release|Any CPU.ActiveCfg = Release|Any CPU
		{121AE601-AEDC-43AD-8C47-478211F6786A}.Release|Any CPU.Build.0 = Release|Any CPU
		{181B2646-104A-4371-BCF8-60C4BF423B61}.Debug|Any CPU.ActiveCfg = Debug|Any CPU
		{181B2646-104A-4371-BCF8-60C4BF423B61}.Debug|Any CPU.Build.0 = Debug|Any CPU
		{181B2646-104A-4371-BCF8-60C4BF423B61}.Release|Any CPU.ActiveCfg = Release|Any CPU
		{181B2646-104A-4371-BCF8-60C4BF423B61}.Release|Any CPU.Build.0 = Release|Any CPU
	EndGlobalSection
	GlobalSection(SolutionProperties) = preSolution
		HideSolutionNode = FALSE
	EndGlobalSection
	GlobalSection(ExtensibilityGlobals) = postSolution
		SolutionGuid = {7934FABC-8CB6-4E74-BC7E-D6867AB17157}
	EndGlobalSection
EndGlobal
