
Microsoft Visual Studio Solution File, Format Version 12.00
# Visual Studio Version 16
VisualStudioVersion = 16.0.31727.386
MinimumVisualStudioVersion = 10.0.40219.1
Project("{FAE04EC0-301F-11D3-BF4B-00C04F79EFBC}") = "TrainingUI", "TrainingUI\TrainingUI.csproj", "{CA5BE43E-4827-4D1C-8E5A-BD9B333C025F}"
EndProject
Project("{FAE04EC0-301F-11D3-BF4B-00C04F79EFBC}") = "TrainingModel", "TrainingModel\TrainingModel.csproj", "{3CEB0590-A1D2-497A-9139-7277F96346FE}"
EndProject
Global
	GlobalSection(SolutionConfigurationPlatforms) = preSolution
		Debug|Any CPU = Debug|Any CPU
		Release|Any CPU = Release|Any CPU
	EndGlobalSection
	GlobalSection(ProjectConfigurationPlatforms) = postSolution
		{CA5BE43E-4827-4D1C-8E5A-BD9B333C025F}.Debug|Any CPU.ActiveCfg = Debug|Any CPU
		{CA5BE43E-4827-4D1C-8E5A-BD9B333C025F}.Debug|Any CPU.Build.0 = Debug|Any CPU
		{CA5BE43E-4827-4D1C-8E5A-BD9B333C025F}.Release|Any CPU.ActiveCfg = Release|Any CPU
		{CA5BE43E-4827-4D1C-8E5A-BD9B333C025F}.Release|Any CPU.Build.0 = Release|Any CPU
		{3CEB0590-A1D2-497A-9139-7277F96346FE}.Debug|Any CPU.ActiveCfg = Debug|Any CPU
		{3CEB0590-A1D2-497A-9139-7277F96346FE}.Debug|Any CPU.Build.0 = Debug|Any CPU
		{3CEB0590-A1D2-497A-9139-7277F96346FE}.Release|Any CPU.ActiveCfg = Release|Any CPU
		{3CEB0590-A1D2-497A-9139-7277F96346FE}.Release|Any CPU.Build.0 = Release|Any CPU
	EndGlobalSection
	GlobalSection(SolutionProperties) = preSolution
		HideSolutionNode = FALSE
	EndGlobalSection
	GlobalSection(ExtensibilityGlobals) = postSolution
		SolutionGuid = {9F2AD7CA-397A-4F0B-9A5F-9F030D5F73C8}
	EndGlobalSection
EndGlobal
