
Microsoft Visual Studio Solution File, Format Version 12.00
# Visual Studio Version 16
VisualStudioVersion = 16.0.31702.278
MinimumVisualStudioVersion = 10.0.40219.1
Project("{FAE04EC0-301F-11D3-BF4B-00C04F79EFBC}") = "TrainingUI", "TrainingUI\TrainingUI.csproj", "{A7E93B30-87DF-41B8-A266-769E961D2AB0}"
EndProject
Project("{FAE04EC0-301F-11D3-BF4B-00C04F79EFBC}") = "TrainingModel", "TrainingModel\TrainingModel.csproj", "{EAC13723-050C-4179-A4EF-E1073B7454BA}"
EndProject
Global
	GlobalSection(SolutionConfigurationPlatforms) = preSolution
		Debug|Any CPU = Debug|Any CPU
		Release|Any CPU = Release|Any CPU
	EndGlobalSection
	GlobalSection(ProjectConfigurationPlatforms) = postSolution
		{A7E93B30-87DF-41B8-A266-769E961D2AB0}.Debug|Any CPU.ActiveCfg = Debug|Any CPU
		{A7E93B30-87DF-41B8-A266-769E961D2AB0}.Debug|Any CPU.Build.0 = Debug|Any CPU
		{A7E93B30-87DF-41B8-A266-769E961D2AB0}.Release|Any CPU.ActiveCfg = Release|Any CPU
		{A7E93B30-87DF-41B8-A266-769E961D2AB0}.Release|Any CPU.Build.0 = Release|Any CPU
		{EAC13723-050C-4179-A4EF-E1073B7454BA}.Debug|Any CPU.ActiveCfg = Debug|Any CPU
		{EAC13723-050C-4179-A4EF-E1073B7454BA}.Debug|Any CPU.Build.0 = Debug|Any CPU
		{EAC13723-050C-4179-A4EF-E1073B7454BA}.Release|Any CPU.ActiveCfg = Release|Any CPU
		{EAC13723-050C-4179-A4EF-E1073B7454BA}.Release|Any CPU.Build.0 = Release|Any CPU
	EndGlobalSection
	GlobalSection(SolutionProperties) = preSolution
		HideSolutionNode = FALSE
	EndGlobalSection
	GlobalSection(ExtensibilityGlobals) = postSolution
		SolutionGuid = {6872F56E-0E5C-499F-B063-C81E3AEB58A3}
	EndGlobalSection
EndGlobal
